
Microsoft Visual Studio Solution File, Format Version 12.00
Project("{FAE04EC0-301F-11D3-BF4B-00C04F79EFBC}") = "AzureDevops", "src\App\AzureDevops.csproj", "{DF8EB8C3-3DEF-45C8-9940-5DD01984B40E}"
EndProject
Project("{2150E333-8FDC-42A3-9474-1A3956D46DE8}") = "App", "App", "{4D7DE9AB-7F14-4C25-AFED-A15D0C2E749C}"
EndProject
Project("{2150E333-8FDC-42A3-9474-1A3956D46DE8}") = "SDK", "SDK", "{9B228757-3C42-4F9B-BFAB-8F5DD019A2A3}"
EndProject
Project("{FAE04EC0-301F-11D3-BF4B-00C04F79EFBC}") = "AzureDevops.Client", "src\SDK\Client\AzureDevops.Client.csproj", "{691A5BBF-58CE-41FF-8D5D-C9A2FEF2F825}"
EndProject
Project("{FAE04EC0-301F-11D3-BF4B-00C04F79EFBC}") = "AzureDevops.Client.Playground", "src\SDK\Playground\AzureDevops.Client.Playground.csproj", "{6943AF53-9841-4C5E-922C-A05D93555FFB}"
EndProject
Global
	GlobalSection(SolutionConfigurationPlatforms) = preSolution
		Debug|Any CPU = Debug|Any CPU
		Release|Any CPU = Release|Any CPU
	EndGlobalSection
	GlobalSection(ProjectConfigurationPlatforms) = postSolution
		{DF8EB8C3-3DEF-45C8-9940-5DD01984B40E}.Debug|Any CPU.ActiveCfg = Debug|Any CPU
		{DF8EB8C3-3DEF-45C8-9940-5DD01984B40E}.Debug|Any CPU.Build.0 = Debug|Any CPU
		{DF8EB8C3-3DEF-45C8-9940-5DD01984B40E}.Release|Any CPU.ActiveCfg = Release|Any CPU
		{DF8EB8C3-3DEF-45C8-9940-5DD01984B40E}.Release|Any CPU.Build.0 = Release|Any CPU
		{691A5BBF-58CE-41FF-8D5D-C9A2FEF2F825}.Debug|Any CPU.ActiveCfg = Debug|Any CPU
		{691A5BBF-58CE-41FF-8D5D-C9A2FEF2F825}.Debug|Any CPU.Build.0 = Debug|Any CPU
		{691A5BBF-58CE-41FF-8D5D-C9A2FEF2F825}.Release|Any CPU.ActiveCfg = Release|Any CPU
		{691A5BBF-58CE-41FF-8D5D-C9A2FEF2F825}.Release|Any CPU.Build.0 = Release|Any CPU
		{6943AF53-9841-4C5E-922C-A05D93555FFB}.Debug|Any CPU.ActiveCfg = Debug|Any CPU
		{6943AF53-9841-4C5E-922C-A05D93555FFB}.Debug|Any CPU.Build.0 = Debug|Any CPU
		{6943AF53-9841-4C5E-922C-A05D93555FFB}.Release|Any CPU.ActiveCfg = Release|Any CPU
		{6943AF53-9841-4C5E-922C-A05D93555FFB}.Release|Any CPU.Build.0 = Release|Any CPU
	EndGlobalSection
	GlobalSection(NestedProjects) = preSolution
		{DF8EB8C3-3DEF-45C8-9940-5DD01984B40E} = {4D7DE9AB-7F14-4C25-AFED-A15D0C2E749C}
		{691A5BBF-58CE-41FF-8D5D-C9A2FEF2F825} = {9B228757-3C42-4F9B-BFAB-8F5DD019A2A3}
		{6943AF53-9841-4C5E-922C-A05D93555FFB} = {9B228757-3C42-4F9B-BFAB-8F5DD019A2A3}
	EndGlobalSection
EndGlobal
